github.com/google/uuid v1.0.0/go.mod h1:TIyPZe4MgqvfeYDBFedMoGGpEw/LqOeaOT+nhxU+yHo=
github.com/pborman/uuid v1.2.1/go.mod h1:X/NO0urCmaxf9VXbdlT7C2Yzkj2IKimNn4k+gtPdI/k=
github.com/pebbe/zmq4 v1.2.5 h1:ygTu6F/sMp7TIo7JN/ObpotHudy7+Rnun1LLSybyCFs=
github.com/pebbe/zmq4 v1.2.5/go.mod h1:3+LG+02U+ToKtxF9avLo17NGTVDhWtRhsdU3spikK8o=
