# This file is autogenerated, do not edit; changes may be undone by the next 'dep ensure'.


[[projects]]
  branch = "master"
  name = "github.com/jancajthaml-openbank/lake-client"
  packages = ["go"]
  revision = "2898a6572215a5a912dc975b26588d31bb0aa695"

[[projects]]
  name = "github.com/konsorten/go-windows-terminal-sequences"
  packages = ["."]
  revision = "5c8c8bd35d3832f5d134ae1e1e375b69a4d25242"
  version = "v1.0.1"

[[projects]]
  name = "github.com/pebbe/zmq4"
  packages = ["."]
  revision = "5b443b6471cea4b4f9f85025530c04c93233f76a"
  version = "v1.0.0"

[[projects]]
  name = "github.com/sirupsen/logrus"
  packages = ["."]
  revision = "bcd833dfe83d3cebad139e4a29ed79cb2318bf95"
  version = "v1.2.0"

[[projects]]
  branch = "master"
  name = "golang.org/x/crypto"
  packages = ["ssh/terminal"]
  revision = "eb0de9b17e854e9b1ccd9963efafc79862359959"

[[projects]]
  branch = "master"
  name = "golang.org/x/sys"
  packages = [
    "unix",
    "windows"
  ]
  revision = "4ed8d59d0b35e1e29334a206d1b3f38b1e5dfb31"

[solve-meta]
  analyzer-name = "dep"
  analyzer-version = 1
  inputs-digest = "2e95c7f396c0b11523881254e4d2460a3c67bf3ec4b161d52be11529f96fa4e6"
  solver-name = "gps-cdcl"
  solver-version = 1
